// !$*UTF8*$!
{
	archiveVersion = 1;
	classes = {
	};
	objectVersion = 46;
	objects = {

/* Begin PBXBuildFile section */
		01D2126E1EB1281B00B119A2 /* AppDelegate.swift in Sources */ = {isa = PBXBuildFile; fileRef = 01D2126D1EB1281B00B119A2 /* AppDelegate.swift */; };
		01D212701EB1281B00B119A2 /* AuthenticationTableViewController.swift in Sources */ = {isa = PBXBuildFile; fileRef = 01D2126F1EB1281B00B119A2 /* AuthenticationTableViewController.swift */; };
		01D212731EB1281B00B119A2 /* Main.storyboard in Resources */ = {isa = PBXBuildFile; fileRef = 01D212711EB1281B00B119A2 /* Main.storyboard */; };
		01D212751EB1281B00B119A2 /* Assets.xcassets in Resources */ = {isa = PBXBuildFile; fileRef = 01D212741EB1281B00B119A2 /* Assets.xcassets */; };
		01D212781EB1281B00B119A2 /* LaunchScreen.storyboard in Resources */ = {isa = PBXBuildFile; fileRef = 01D212761EB1281B00B119A2 /* LaunchScreen.storyboard */; };
		01D212801EB129A800B119A2 /* AuthenticationTableViewCell.swift in Sources */ = {isa = PBXBuildFile; fileRef = 01D2127F1EB129A800B119A2 /* AuthenticationTableViewCell.swift */; };
/* End PBXBuildFile section */

/* Begin PBXFileReference section */
		01D2126A1EB1281B00B119A2 /* PasswordManagerExtension.app */ = {isa = PBXFileReference; explicitFileType = wrapper.application; includeInIndex = 0; path = PasswordManagerExtension.app; sourceTree = BUILT_PRODUCTS_DIR; };
		01D2126D1EB1281B00B119A2 /* AppDelegate.swift */ = {isa = PBXFileReference; lastKnownFileType = sourcecode.swift; path = AppDelegate.swift; sourceTree = "<group>"; };
		01D2126F1EB1281B00B119A2 /* AuthenticationTableViewController.swift */ = {isa = PBXFileReference; lastKnownFileType = sourcecode.swift; path = AuthenticationTableViewController.swift; sourceTree = "<group>"; };
		01D212721EB1281B00B119A2 /* Base */ = {isa = PBXFileReference; lastKnownFileType = file.storyboard; name = Base; path = Base.lproj/Main.storyboard; sourceTree = "<group>"; };
		01D212741EB1281B00B119A2 /* Assets.xcassets */ = {isa = PBXFileReference; lastKnownFileType = folder.assetcatalog; path = Assets.xcassets; sourceTree = "<group>"; };
		01D212771EB1281B00B119A2 /* Base */ = {isa = PBXFileReference; lastKnownFileType = file.storyboard; name = Base; path = Base.lproj/LaunchScreen.storyboard; sourceTree = "<group>"; };
		01D212791EB1281B00B119A2 /* Info.plist */ = {isa = PBXFileReference; lastKnownFileType = text.plist.xml; path = Info.plist; sourceTree = "<group>"; };
		01D2127F1EB129A800B119A2 /* AuthenticationTableViewCell.swift */ = {isa = PBXFileReference; fileEncoding = 4; lastKnownFileType = sourcecode.swift; path = AuthenticationTableViewCell.swift; sourceTree = "<group>"; };
/* End PBXFileReference section */

/* Begin PBXFrameworksBuildPhase section */
		01D212671EB1281B00B119A2 /* Frameworks */ = {
			isa = PBXFrameworksBuildPhase;
			buildActionMask = 2147483647;
			files = (
			);
			runOnlyForDeploymentPostprocessing = 0;
		};
/* End PBXFrameworksBuildPhase section */

/* Begin PBXGroup section */
		01D212611EB1281B00B119A2 = {
			isa = PBXGroup;
			children = (
				01D2126C1EB1281B00B119A2 /* PasswordManagerExtension */,
				01D2126B1EB1281B00B119A2 /* Products */,
			);
			sourceTree = "<group>";
		};
		01D2126B1EB1281B00B119A2 /* Products */ = {
			isa = PBXGroup;
			children = (
				01D2126A1EB1281B00B119A2 /* PasswordManagerExtension.app */,
			);
			name = Products;
			sourceTree = "<group>";
		};
		01D2126C1EB1281B00B119A2 /* PasswordManagerExtension */ = {
			isa = PBXGroup;
			children = (
				01D2126D1EB1281B00B119A2 /* AppDelegate.swift */,
				01D2126F1EB1281B00B119A2 /* AuthenticationTableViewController.swift */,
				01D2127F1EB129A800B119A2 /* AuthenticationTableViewCell.swift */,
				01D212711EB1281B00B119A2 /* Main.storyboard */,
				01D212741EB1281B00B119A2 /* Assets.xcassets */,
				01D212761EB1281B00B119A2 /* LaunchScreen.storyboard */,
				01D212791EB1281B00B119A2 /* Info.plist */,
			);
			path = PasswordManagerExtension;
			sourceTree = "<group>";
		};
/* End PBXGroup section */

/* Begin PBXNativeTarget section */
		01D212691EB1281B00B119A2 /* PasswordManagerExtension */ = {
			isa = PBXNativeTarget;
			buildConfigurationList = 01D2127C1EB1281B00B119A2 /* Build configuration list for PBXNativeTarget "PasswordManagerExtension" */;
			buildPhases = (
				01D212661EB1281B00B119A2 /* Sources */,
				01D212671EB1281B00B119A2 /* Frameworks */,
				01D212681EB1281B00B119A2 /* Resources */,
			);
			buildRules = (
			);
			dependencies = (
			);
			name = PasswordManagerExtension;
			productName = PasswordManagerExtension;
			productReference = 01D2126A1EB1281B00B119A2 /* PasswordManagerExtension.app */;
			productType = "com.apple.product-type.application";
		};
/* End PBXNativeTarget section */

/* Begin PBXProject section */
		01D212621EB1281B00B119A2 /* Project object */ = {
			isa = PBXProject;
			attributes = {
				LastSwiftUpdateCheck = 0830;
				LastUpgradeCheck = 0830;
				ORGANIZATIONNAME = "Mott Applications";
				TargetAttributes = {
					01D212691EB1281B00B119A2 = {
						CreatedOnToolsVersion = 8.3.2;
						ProvisioningStyle = Automatic;
					};
				};
			};
			buildConfigurationList = 01D212651EB1281B00B119A2 /* Build configuration list for PBXProject "PasswordManagerExtension" */;
			compatibilityVersion = "Xcode 3.2";
			developmentRegion = English;
			hasScannedForEncodings = 0;
			knownRegions = (
				en,
				Base,
			);
			mainGroup = 01D212611EB1281B00B119A2;
			productRefGroup = 01D2126B1EB1281B00B119A2 /* Products */;
			projectDirPath = "";
			projectRoot = "";
			targets = (
				01D212691EB1281B00B119A2 /* PasswordManagerExtension */,
			);
		};
/* End PBXProject section */

/* Begin PBXResourcesBuildPhase section */
		01D212681EB1281B00B119A2 /* Resources */ = {
			isa = PBXResourcesBuildPhase;
			buildActionMask = 2147483647;
			files = (
				01D212781EB1281B00B119A2 /* LaunchScreen.storyboard in Resources */,
				01D212751EB1281B00B119A2 /* Assets.xcassets in Resources */,
				01D212731EB1281B00B119A2 /* Main.storyboard in Resources */,
			);
			runOnlyForDeploymentPostprocessing = 0;
		};
/* End PBXResourcesBuildPhase section */

/* Begin PBXSourcesBuildPhase section */
		01D212661EB1281B00B119A2 /* Sources */ = {
			isa = PBXSourcesBuildPhase;
			buildActionMask = 2147483647;
			files = (
				01D212801EB129A800B119A2 /* AuthenticationTableViewCell.swift in Sources */,
				01D212701EB1281B00B119A2 /* AuthenticationTableViewController.swift in Sources */,
				01D2126E1EB1281B00B119A2 /* AppDelegate.swift in Sources */,
			);
			runOnlyForDeploymentPostprocessing = 0;
		};
/* End PBXSourcesBuildPhase section */

/* Begin PBXVariantGroup section */
		01D212711EB1281B00B119A2 /* Main.storyboard */ = {
			isa = PBXVariantGroup;
			children = (
				01D212721EB1281B00B119A2 /* Base */,
			);
			name = Main.storyboard;
			sourceTree = "<group>";
		};
		01D212761EB1281B00B119A2 /* LaunchScreen.storyboard */ = {
			isa = PBXVariantGroup;
			children = (
				01D212771EB1281B00B119A2 /* Base */,
			);
			name = LaunchScreen.storyboard;
			sourceTree = "<group>";
		};
/* End PBXVariantGroup section */

/* Begin XCBuildConfiguration section */
		01D2127A1EB1281B00B119A2 /* Debug */ = {
			isa = XCBuildConfiguration;
			buildSettings = {
				ALWAYS_SEARCH_USER_PATHS = NO;
				CLANG_ANALYZER_NONNULL = YES;
				CLANG_ANALYZER_NUMBER_OBJECT_CONVERSION = YES_AGGRESSIVE;
				CLANG_CXX_LANGUAGE_STANDARD = "gnu++0x";
				CLANG_CXX_LIBRARY = "libc++";
				CLANG_ENABLE_MODULES = YES;
				CLANG_ENABLE_OBJC_ARC = YES;
				CLANG_WARN_BOOL_CONVERSION = YES;
				CLANG_WARN_CONSTANT_CONVERSION = YES;
				CLANG_WARN_DIRECT_OBJC_ISA_USAGE = YES_ERROR;
				CLANG_WARN_DOCUMENTATION_COMMENTS = YES;
				CLANG_WARN_EMPTY_BODY = YES;
				CLANG_WARN_ENUM_CONVERSION = YES;
				CLANG_WARN_INFINITE_RECURSION = YES;
				CLANG_WARN_INT_CONVERSION = YES;
				CLANG_WARN_OBJC_ROOT_CLASS = YES_ERROR;
				CLANG_WARN_SUSPICIOUS_MOVE = YES;
				CLANG_WARN_UNREACHABLE_CODE = YES;
				CLANG_WARN__DUPLICATE_METHOD_MATCH = YES;
				"CODE_SIGN_IDENTITY[sdk=iphoneos*]" = "iPhone Developer";
				COPY_PHASE_STRIP = NO;
				DEBUG_INFORMATION_FORMAT = dwarf;
				ENABLE_STRICT_OBJC_MSGSEND = YES;
				ENABLE_TESTABILITY = YES;
				GCC_C_LANGUAGE_STANDARD = gnu99;
				GCC_DYNAMIC_NO_PIC = NO;
				GCC_NO_COMMON_BLOCKS = YES;
				GCC_OPTIMIZATION_LEVEL = 0;
				GCC_PREPROCESSOR_DEFINITIONS = (
					"DEBUG=1",
					"$(inherited)",
				);
				GCC_WARN_64_TO_32_BIT_CONVERSION = YES;
				GCC_WARN_ABOUT_RETURN_TYPE = YES_ERROR;
				GCC_WARN_UNDECLARED_SELECTOR = YES;
				GCC_WARN_UNINITIALIZED_AUTOS = YES_AGGRESSIVE;
				GCC_WARN_UNUSED_FUNCTION = YES;
				GCC_WARN_UNUSED_VARIABLE = YES;
				IPHONEOS_DEPLOYMENT_TARGET = 10.3;
				MTL_ENABLE_DEBUG_INFO = YES;
				ONLY_ACTIVE_ARCH = YES;
				SDKROOT = iphoneos;
				SWIFT_ACTIVE_COMPILATION_CONDITIONS = DEBUG;
				SWIFT_OPTIMIZATION_LEVEL = "-Onone";
			};
			name = Debug;
		};
		01D2127B1EB1281B00B119A2 /* Release */ = {
			isa = XCBuildConfiguration;
			buildSettings = {
				ALWAYS_SEARCH_USER_PATHS = NO;
				CLANG_ANALYZER_NONNULL = YES;
				CLANG_ANALYZER_NUMBER_OBJECT_CONVERSION = YES_AGGRESSIVE;
				CLANG_CXX_LANGUAGE_STANDARD = "gnu++0x";
				CLANG_CXX_LIBRARY = "libc++";
				CLANG_ENABLE_MODULES = YES;
				CLANG_ENABLE_OBJC_ARC = YES;
				CLANG_WARN_BOOL_CONVERSION = YES;
				CLANG_WARN_CONSTANT_CONVERSION = YES;
				CLANG_WARN_DIRECT_OBJC_ISA_USAGE = YES_ERROR;
				CLANG_WARN_DOCUMENTATION_COMMENTS = YES;
				CLANG_WARN_EMPTY_BODY = YES;
				CLANG_WARN_ENUM_CONVERSION = YES;
				CLANG_WARN_INFINITE_RECURSION = YES;
				CLANG_WARN_INT_CONVERSION = YES;
				CLANG_WARN_OBJC_ROOT_CLASS = YES_ERROR;
				CLANG_WARN_SUSPICIOUS_MOVE = YES;
				CLANG_WARN_UNREACHABLE_CODE = YES;
				CLANG_WARN__DUPLICATE_METHOD_MATCH = YES;
				"CODE_SIGN_IDENTITY[sdk=iphoneos*]" = "iPhone Developer";
				COPY_PHASE_STRIP = NO;
				DEBUG_INFORMATION_FORMAT = "dwarf-with-dsym";
				ENABLE_NS_ASSERTIONS = NO;
				ENABLE_STRICT_OBJC_MSGSEND = YES;
				GCC_C_LANGUAGE_STANDARD = gnu99;
				GCC_NO_COMMON_BLOCKS = YES;
				GCC_WARN_64_TO_32_BIT_CONVERSION = YES;
				GCC_WARN_ABOUT_RETURN_TYPE = YES_ERROR;
				GCC_WARN_UNDECLARED_SELECTOR = YES;
				GCC_WARN_UNINITIALIZED_AUTOS = YES_AGGRESSIVE;
				GCC_WARN_UNUSED_FUNCTION = YES;
				GCC_WARN_UNUSED_VARIABLE = YES;
				IPHONEOS_DEPLOYMENT_TARGET = 10.3;
				MTL_ENABLE_DEBUG_INFO = NO;
				SDKROOT = iphoneos;
				SWIFT_OPTIMIZATION_LEVEL = "-Owholemodule";
				VALIDATE_PRODUCT = YES;
			};
			name = Release;
		};
		01D2127D1EB1281B00B119A2 /* Debug */ = {
			isa = XCBuildConfiguration;
			buildSettings = {
				ASSETCATALOG_COMPILER_APPICON_NAME = AppIcon;
				INFOPLIST_FILE = PasswordManagerExtension/Info.plist;
				LD_RUNPATH_SEARCH_PATHS = "$(inherited) @executable_path/Frameworks";
				PRODUCT_BUNDLE_IDENTIFIER = com.MottApplications.PasswordManagerExtension;
				PRODUCT_NAME = "$(TARGET_NAME)";
				SWIFT_VERSION = 3.0;
			};
			name = Debug;
		};
		01D2127E1EB1281B00B119A2 /* Release */ = {
			isa = XCBuildConfiguration;
			buildSettings = {
				ASSETCATALOG_COMPILER_APPICON_NAME = AppIcon;
				INFOPLIST_FILE = PasswordManagerExtension/Info.plist;
				LD_RUNPATH_SEARCH_PATHS = "$(inherited) @executable_path/Frameworks";
				PRODUCT_BUNDLE_IDENTIFIER = com.MottApplications.PasswordManagerExtension;
				PRODUCT_NAME = "$(TARGET_NAME)";
				SWIFT_VERSION = 3.0;
			};
			name = Release;
		};
/* End XCBuildConfiguration section */

/* Begin XCConfigurationList section */
		01D212651EB1281B00B119A2 /* Build configuration list for PBXProject "PasswordManagerExtension" */ = {
			isa = XCConfigurationList;
			buildConfigurations = (
				01D2127A1EB1281B00B119A2 /* Debug */,
				01D2127B1EB1281B00B119A2 /* Release */,
			);
			defaultConfigurationIsVisible = 0;
			defaultConfigurationName = Release;
		};
		01D2127C1EB1281B00B119A2 /* Build configuration list for PBXNativeTarget "PasswordManagerExtension" */ = {
			isa = XCConfigurationList;
			buildConfigurations = (
				01D2127D1EB1281B00B119A2 /* Debug */,
				01D2127E1EB1281B00B119A2 /* Release */,
			);
			defaultConfigurationIsVisible = 0;
			defaultConfigurationName = Release;
		};
/* End XCConfigurationList section */
	};
	rootObject = 01D212621EB1281B00B119A2 /* Project object */;
}
